
Microsoft Visual Studio Solution File, Format Version 12.00
# Visual Studio Version 17
VisualStudioVersion = 17.2.32630.192
MinimumVisualStudioVersion = 10.0.40219.1
Project("{9A19103F-16F7-4668-BE54-9A1E7A4F7556}") = "MasterProject", "MasterProject\MasterProject.csproj", "{0288796A-EC90-4160-9692-6E249766969E}"
EndProject
Project("{2150E333-8FDC-42A3-9474-1A3956D46DE8}") = "Solution Items", "Solution Items", "{00E11381-C1F7-40E6-B9D8-59D314F59AD4}"
	ProjectSection(SolutionItems) = preProject
		.editorconfig = .editorconfig
	EndProjectSection
EndProject
Global
	GlobalSection(SolutionConfigurationPlatforms) = preSolution
		Debug|Any CPU = Debug|Any CPU
		Release|Any CPU = Release|Any CPU
	EndGlobalSection
	GlobalSection(ProjectConfigurationPlatforms) = postSolution
		{0288796A-EC90-4160-9692-6E249766969E}.Debug|Any CPU.ActiveCfg = Debug|Any CPU
		{0288796A-EC90-4160-9692-6E249766969E}.Debug|Any CPU.Build.0 = Debug|Any CPU
		{0288796A-EC90-4160-9692-6E249766969E}.Release|Any CPU.ActiveCfg = Release|Any CPU
		{0288796A-EC90-4160-9692-6E249766969E}.Release|Any CPU.Build.0 = Release|Any CPU
	EndGlobalSection
	GlobalSection(SolutionProperties) = preSolution
		HideSolutionNode = FALSE
	EndGlobalSection
	GlobalSection(ExtensibilityGlobals) = postSolution
		SolutionGuid = {23575DB5-225C-4430-AE24-143CD11C39E6}
	EndGlobalSection
EndGlobal
